
Microsoft Visual Studio Solution File, Format Version 12.00
# Visual Studio Version 16
VisualStudioVersion = 16.0.30503.244
MinimumVisualStudioVersion = 10.0.40219.1
Project("{FAE04EC0-301F-11D3-BF4B-00C04F79EFBC}") = "Introduction", "Introduction\Introduction.csproj", "{402CA010-5F3E-41AB-BFA5-419D31252AE8}"
EndProject
Project("{FAE04EC0-301F-11D3-BF4B-00C04F79EFBC}") = "Features", "Features\Features.csproj", "{EF7A39B2-0ABE-4594-82B8-E4723DDF90EC}"
EndProject
Project("{FAE04EC0-301F-11D3-BF4B-00C04F79EFBC}") = "Queries", "Queries\Queries.csproj", "{8EF2D637-C500-4618-B3E5-60767AD031D3}"
EndProject
Project("{FAE04EC0-301F-11D3-BF4B-00C04F79EFBC}") = "Cars", "Cars\Cars.csproj", "{B6CD583E-0647-4A86-891E-8A3A810BFEF6}"
EndProject
Global
	GlobalSection(SolutionConfigurationPlatforms) = preSolution
		Debug|Any CPU = Debug|Any CPU
		Release|Any CPU = Release|Any CPU
	EndGlobalSection
	GlobalSection(ProjectConfigurationPlatforms) = postSolution
		{402CA010-5F3E-41AB-BFA5-419D31252AE8}.Debug|Any CPU.ActiveCfg = Debug|Any CPU
		{402CA010-5F3E-41AB-BFA5-419D31252AE8}.Debug|Any CPU.Build.0 = Debug|Any CPU
		{402CA010-5F3E-41AB-BFA5-419D31252AE8}.Release|Any CPU.ActiveCfg = Release|Any CPU
		{402CA010-5F3E-41AB-BFA5-419D31252AE8}.Release|Any CPU.Build.0 = Release|Any CPU
		{EF7A39B2-0ABE-4594-82B8-E4723DDF90EC}.Debug|Any CPU.ActiveCfg = Debug|Any CPU
		{EF7A39B2-0ABE-4594-82B8-E4723DDF90EC}.Debug|Any CPU.Build.0 = Debug|Any CPU
		{EF7A39B2-0ABE-4594-82B8-E4723DDF90EC}.Release|Any CPU.ActiveCfg = Release|Any CPU
		{EF7A39B2-0ABE-4594-82B8-E4723DDF90EC}.Release|Any CPU.Build.0 = Release|Any CPU
		{8EF2D637-C500-4618-B3E5-60767AD031D3}.Debug|Any CPU.ActiveCfg = Debug|Any CPU
		{8EF2D637-C500-4618-B3E5-60767AD031D3}.Debug|Any CPU.Build.0 = Debug|Any CPU
		{8EF2D637-C500-4618-B3E5-60767AD031D3}.Release|Any CPU.ActiveCfg = Release|Any CPU
		{8EF2D637-C500-4618-B3E5-60767AD031D3}.Release|Any CPU.Build.0 = Release|Any CPU
		{B6CD583E-0647-4A86-891E-8A3A810BFEF6}.Debug|Any CPU.ActiveCfg = Debug|Any CPU
		{B6CD583E-0647-4A86-891E-8A3A810BFEF6}.Debug|Any CPU.Build.0 = Debug|Any CPU
		{B6CD583E-0647-4A86-891E-8A3A810BFEF6}.Release|Any CPU.ActiveCfg = Release|Any CPU
		{B6CD583E-0647-4A86-891E-8A3A810BFEF6}.Release|Any CPU.Build.0 = Release|Any CPU
	EndGlobalSection
	GlobalSection(SolutionProperties) = preSolution
		HideSolutionNode = FALSE
	EndGlobalSection
	GlobalSection(ExtensibilityGlobals) = postSolution
		SolutionGuid = {7701D68E-ED5D-4272-B69F-64CC3AA1240E}
	EndGlobalSection
EndGlobal
